
Microsoft Visual Studio Solution File, Format Version 12.00
# Visual Studio 15
VisualStudioVersion = 15.0.28307.168
MinimumVisualStudioVersion = 10.0.40219.1
Project("{8BC9CEB8-8B4A-11D0-8D11-00A0C91BC942}") = "basic_vuln", "basic_vuln\basic_vuln.vcxproj", "{17C230C2-A5AD-41BB-8222-4AB6E4163D80}"
EndProject
Global
	GlobalSection(SolutionConfigurationPlatforms) = preSolution
		Debug|x64 = Debug|x64
		Debug|x86 = Debug|x86
		Release|x64 = Release|x64
		Release|x86 = Release|x86
	EndGlobalSection
	GlobalSection(ProjectConfigurationPlatforms) = postSolution
		{17C230C2-A5AD-41BB-8222-4AB6E4163D80}.Debug|x64.ActiveCfg = Debug|x64
		{17C230C2-A5AD-41BB-8222-4AB6E4163D80}.Debug|x64.Build.0 = Debug|x64
		{17C230C2-A5AD-41BB-8222-4AB6E4163D80}.Debug|x86.ActiveCfg = Debug|Win32
		{17C230C2-A5AD-41BB-8222-4AB6E4163D80}.Debug|x86.Build.0 = Debug|Win32
		{17C230C2-A5AD-41BB-8222-4AB6E4163D80}.Release|x64.ActiveCfg = Release|x64
		{17C230C2-A5AD-41BB-8222-4AB6E4163D80}.Release|x64.Build.0 = Release|x64
		{17C230C2-A5AD-41BB-8222-4AB6E4163D80}.Release|x86.ActiveCfg = Release|Win32
		{17C230C2-A5AD-41BB-8222-4AB6E4163D80}.Release|x86.Build.0 = Release|Win32
	EndGlobalSection
	GlobalSection(SolutionProperties) = preSolution
		HideSolutionNode = FALSE
	EndGlobalSection
	GlobalSection(ExtensibilityGlobals) = postSolution
		SolutionGuid = {3CFCA0DA-7C9E-4FFE-8BDF-8465ECA22AFC}
	EndGlobalSection
EndGlobal
